
Microsoft Visual Studio Solution File, Format Version 12.00
# Visual Studio Version 16
VisualStudioVersion = 16.0.28803.352
MinimumVisualStudioVersion = 10.0.40219.1
Project("{FAE04EC0-301F-11D3-BF4B-00C04F79EFBC}") = "CorsacHats", "CorsacHats.csproj", "{D8D6995F-1121-4DBF-BF08-932C92FAA68A}"
EndProject
Global
	GlobalSection(SolutionConfigurationPlatforms) = preSolution
		Debug|Any CPU = Debug|Any CPU
		Release|Any CPU = Release|Any CPU
	EndGlobalSection
	GlobalSection(ProjectConfigurationPlatforms) = postSolution
		{D8D6995F-1121-4DBF-BF08-932C92FAA68A}.Debug|Any CPU.ActiveCfg = Debug|Any CPU
		{D8D6995F-1121-4DBF-BF08-932C92FAA68A}.Debug|Any CPU.Build.0 = Debug|Any CPU
		{D8D6995F-1121-4DBF-BF08-932C92FAA68A}.Release|Any CPU.ActiveCfg = Release|Any CPU
		{D8D6995F-1121-4DBF-BF08-932C92FAA68A}.Release|Any CPU.Build.0 = Release|Any CPU
	EndGlobalSection
	GlobalSection(SolutionProperties) = preSolution
		HideSolutionNode = FALSE
	EndGlobalSection
	GlobalSection(ExtensibilityGlobals) = postSolution
		SolutionGuid = {7A7E8710-C374-42CF-A079-55741DEFBC5C}
	EndGlobalSection
EndGlobal
